// !$*UTF8*$!
{
	archiveVersion = 1;
	classes = {
	};
	objectVersion = 46;
	objects = {

/* Begin PBXBuildFile section */
		F2A9EBB11DC6507900147681 /* CLFSMMachineLoader.swift in Sources */ = {isa = PBXBuildFile; fileRef = F2A9EB891DC6507900147681 /* CLFSMMachineLoader.swift */; };
		F2A9EBB21DC6507900147681 /* CommandLinePrinter.swift in Sources */ = {isa = PBXBuildFile; fileRef = F2A9EB8A1DC6507900147681 /* CommandLinePrinter.swift */; };
		F2A9EBB31DC6507900147681 /* DynamicLibraryCreator.swift in Sources */ = {isa = PBXBuildFile; fileRef = F2A9EB8B1DC6507900147681 /* DynamicLibraryCreator.swift */; };
		F2A9EBB41DC6507900147681 /* DynamicLibraryMachineLoaderFactory.swift in Sources */ = {isa = PBXBuildFile; fileRef = F2A9EB8C1DC6507900147681 /* DynamicLibraryMachineLoaderFactory.swift */; };
		F2A9EBB51DC6507900147681 /* DynamicLibraryResource.swift in Sources */ = {isa = PBXBuildFile; fileRef = F2A9EB8D1DC6507900147681 /* DynamicLibraryResource.swift */; };
		F2A9EBB61DC6507900147681 /* FileOutputStream.swift in Sources */ = {isa = PBXBuildFile; fileRef = F2A9EB8E1DC6507900147681 /* FileOutputStream.swift */; };
		F2A9EBB71DC6507900147681 /* FilePrinterFactory.swift in Sources */ = {isa = PBXBuildFile; fileRef = F2A9EB8F1DC6507900147681 /* FilePrinterFactory.swift */; };
		F2A9EBB81DC6507900147681 /* GenericPrinter.swift in Sources */ = {isa = PBXBuildFile; fileRef = F2A9EB901DC6507900147681 /* GenericPrinter.swift */; };
		F2A9EBB91DC6507900147681 /* HelpableParser.swift in Sources */ = {isa = PBXBuildFile; fileRef = F2A9EB911DC6507900147681 /* HelpableParser.swift */; };
		F2A9EBBA1DC6507900147681 /* invoke_func.c in Sources */ = {isa = PBXBuildFile; fileRef = F2A9EB921DC6507900147681 /* invoke_func.c */; };
		F2A9EBBB1DC6507900147681 /* KripkeStructureView.swift in Sources */ = {isa = PBXBuildFile; fileRef = F2A9EB941DC6507900147681 /* KripkeStructureView.swift */; };
		F2A9EBBC1DC6507900147681 /* LibraryCreator.swift in Sources */ = {isa = PBXBuildFile; fileRef = F2A9EB951DC6507900147681 /* LibraryCreator.swift */; };
		F2A9EBBD1DC6507900147681 /* LibraryMachineLoader.swift in Sources */ = {isa = PBXBuildFile; fileRef = F2A9EB961DC6507900147681 /* LibraryMachineLoader.swift */; };
		F2A9EBBE1DC6507900147681 /* LibraryResource.swift in Sources */ = {isa = PBXBuildFile; fileRef = F2A9EB971DC6507900147681 /* LibraryResource.swift */; };
		F2A9EBBF1DC6507900147681 /* Machine.swift in Sources */ = {isa = PBXBuildFile; fileRef = F2A9EB981DC6507900147681 /* Machine.swift */; };
		F2A9EBC01DC6507900147681 /* MachineFactory.swift in Sources */ = {isa = PBXBuildFile; fileRef = F2A9EB991DC6507900147681 /* MachineFactory.swift */; };
		F2A9EBC11DC6507900147681 /* MachineLoader.swift in Sources */ = {isa = PBXBuildFile; fileRef = F2A9EB9A1DC6507900147681 /* MachineLoader.swift */; };
		F2A9EBC21DC6507900147681 /* MachineLoaderFactory.swift in Sources */ = {isa = PBXBuildFile; fileRef = F2A9EB9B1DC6507900147681 /* MachineLoaderFactory.swift */; };
		F2A9EBC31DC6507900147681 /* main.swift in Sources */ = {isa = PBXBuildFile; fileRef = F2A9EB9C1DC6507900147681 /* main.swift */; };
		F2A9EBC41DC6507900147681 /* NuSMVData.swift in Sources */ = {isa = PBXBuildFile; fileRef = F2A9EB9D1DC6507900147681 /* NuSMVData.swift */; };
		F2A9EBC51DC6507900147681 /* NuSMVKripkeStructureView.swift in Sources */ = {isa = PBXBuildFile; fileRef = F2A9EB9E1DC6507900147681 /* NuSMVKripkeStructureView.swift */; };
		F2A9EBC61DC6507900147681 /* Parser.swift in Sources */ = {isa = PBXBuildFile; fileRef = F2A9EB9F1DC6507900147681 /* Parser.swift */; };
		F2A9EBC71DC6507900147681 /* Printer.swift in Sources */ = {isa = PBXBuildFile; fileRef = F2A9EBA01DC6507900147681 /* Printer.swift */; };
		F2A9EBC81DC6507900147681 /* PrinterFactory.swift in Sources */ = {isa = PBXBuildFile; fileRef = F2A9EBA11DC6507900147681 /* PrinterFactory.swift */; };
		F2A9EBC91DC6507900147681 /* RoundRobinScheduler.swift in Sources */ = {isa = PBXBuildFile; fileRef = F2A9EBA21DC6507900147681 /* RoundRobinScheduler.swift */; };
		F2A9EBCA1DC6507900147681 /* RoundRobinSchedulerFactory.swift in Sources */ = {isa = PBXBuildFile; fileRef = F2A9EBA31DC6507900147681 /* RoundRobinSchedulerFactory.swift */; };
		F2A9EBCB1DC6507900147681 /* Scheduler.swift in Sources */ = {isa = PBXBuildFile; fileRef = F2A9EBA41DC6507900147681 /* Scheduler.swift */; };
		F2A9EBCC1DC6507900147681 /* SchedulerFactory.swift in Sources */ = {isa = PBXBuildFile; fileRef = F2A9EBA51DC6507900147681 /* SchedulerFactory.swift */; };
		F2A9EBCD1DC6507900147681 /* SimpleMachineFactory.swift in Sources */ = {isa = PBXBuildFile; fileRef = F2A9EBA61DC6507900147681 /* SimpleMachineFactory.swift */; };
		F2A9EBCE1DC6507900147681 /* StderrOutputStream.swift in Sources */ = {isa = PBXBuildFile; fileRef = F2A9EBA71DC6507900147681 /* StderrOutputStream.swift */; };
		F2A9EBCF1DC6507900147681 /* StdoutOutputStream.swift in Sources */ = {isa = PBXBuildFile; fileRef = F2A9EBA81DC6507900147681 /* StdoutOutputStream.swift */; };
		F2A9EBD01DC6507900147681 /* Swiftfsm.swift in Sources */ = {isa = PBXBuildFile; fileRef = F2A9EBAA1DC6507900147681 /* Swiftfsm.swift */; };
		F2A9EBD11DC6507900147681 /* SwiftfsmErrors.swift in Sources */ = {isa = PBXBuildFile; fileRef = F2A9EBAB1DC6507900147681 /* SwiftfsmErrors.swift */; };
		F2A9EBD21DC6507900147681 /* SwiftfsmParser.swift in Sources */ = {isa = PBXBuildFile; fileRef = F2A9EBAC1DC6507900147681 /* SwiftfsmParser.swift */; };
		F2A9EBD31DC6507900147681 /* Task.swift in Sources */ = {isa = PBXBuildFile; fileRef = F2A9EBAD1DC6507900147681 /* Task.swift */; };
		F2A9EBD41DC6507900147681 /* timers.c in Sources */ = {isa = PBXBuildFile; fileRef = F2A9EBAE1DC6507900147681 /* timers.c */; };
		F2A9EBD51DC6507900147681 /* View.swift in Sources */ = {isa = PBXBuildFile; fileRef = F2A9EBB01DC6507900147681 /* View.swift */; };
		F2A9EBE01DC650BD00147681 /* libFSM.dylib in Frameworks */ = {isa = PBXBuildFile; fileRef = F2A9EBDD1DC650A400147681 /* libFSM.dylib */; };
/* End PBXBuildFile section */

/* Begin PBXContainerItemProxy section */
		F2A9EBDC1DC650A400147681 /* PBXContainerItemProxy */ = {
			isa = PBXContainerItemProxy;
			containerPortal = F2A9EBD71DC650A400147681 /* FSM.xcodeproj */;
			proxyType = 2;
			remoteGlobalIDString = F2B159611CF42A9700D43564;
			remoteInfo = FSM;
		};
		F2A9EBDE1DC650A400147681 /* PBXContainerItemProxy */ = {
			isa = PBXContainerItemProxy;
			containerPortal = F2A9EBD71DC650A400147681 /* FSM.xcodeproj */;
			proxyType = 2;
			remoteGlobalIDString = F2A59C941CF830D600E218C3;
			remoteInfo = FSMTests;
		};
/* End PBXContainerItemProxy section */

/* Begin PBXCopyFilesBuildPhase section */
		F2A9EB7D1DC64FE000147681 /* CopyFiles */ = {
			isa = PBXCopyFilesBuildPhase;
			buildActionMask = 2147483647;
			dstPath = /usr/share/man/man1/;
			dstSubfolderSpec = 0;
			files = (
			);
			runOnlyForDeploymentPostprocessing = 1;
		};
/* End PBXCopyFilesBuildPhase section */

/* Begin PBXFileReference section */
		F2A9EB7F1DC64FE000147681 /* swiftfsm */ = {isa = PBXFileReference; explicitFileType = "compiled.mach-o.executable"; includeInIndex = 0; path = swiftfsm; sourceTree = BUILT_PRODUCTS_DIR; };
		F2A9EB891DC6507900147681 /* CLFSMMachineLoader.swift */ = {isa = PBXFileReference; fileEncoding = 4; lastKnownFileType = sourcecode.swift; path = CLFSMMachineLoader.swift; sourceTree = SOURCE_ROOT; };
		F2A9EB8A1DC6507900147681 /* CommandLinePrinter.swift */ = {isa = PBXFileReference; fileEncoding = 4; lastKnownFileType = sourcecode.swift; path = CommandLinePrinter.swift; sourceTree = SOURCE_ROOT; };
		F2A9EB8B1DC6507900147681 /* DynamicLibraryCreator.swift */ = {isa = PBXFileReference; fileEncoding = 4; lastKnownFileType = sourcecode.swift; path = DynamicLibraryCreator.swift; sourceTree = SOURCE_ROOT; };
		F2A9EB8C1DC6507900147681 /* DynamicLibraryMachineLoaderFactory.swift */ = {isa = PBXFileReference; fileEncoding = 4; lastKnownFileType = sourcecode.swift; path = DynamicLibraryMachineLoaderFactory.swift; sourceTree = SOURCE_ROOT; };
		F2A9EB8D1DC6507900147681 /* DynamicLibraryResource.swift */ = {isa = PBXFileReference; fileEncoding = 4; lastKnownFileType = sourcecode.swift; path = DynamicLibraryResource.swift; sourceTree = SOURCE_ROOT; };
		F2A9EB8E1DC6507900147681 /* FileOutputStream.swift */ = {isa = PBXFileReference; fileEncoding = 4; lastKnownFileType = sourcecode.swift; path = FileOutputStream.swift; sourceTree = SOURCE_ROOT; };
		F2A9EB8F1DC6507900147681 /* FilePrinterFactory.swift */ = {isa = PBXFileReference; fileEncoding = 4; lastKnownFileType = sourcecode.swift; path = FilePrinterFactory.swift; sourceTree = SOURCE_ROOT; };
		F2A9EB901DC6507900147681 /* GenericPrinter.swift */ = {isa = PBXFileReference; fileEncoding = 4; lastKnownFileType = sourcecode.swift; path = GenericPrinter.swift; sourceTree = SOURCE_ROOT; };
		F2A9EB911DC6507900147681 /* HelpableParser.swift */ = {isa = PBXFileReference; fileEncoding = 4; lastKnownFileType = sourcecode.swift; path = HelpableParser.swift; sourceTree = SOURCE_ROOT; };
		F2A9EB921DC6507900147681 /* invoke_func.c */ = {isa = PBXFileReference; fileEncoding = 4; lastKnownFileType = sourcecode.c.c; path = invoke_func.c; sourceTree = SOURCE_ROOT; };
		F2A9EB931DC6507900147681 /* invoke_func.h */ = {isa = PBXFileReference; fileEncoding = 4; lastKnownFileType = sourcecode.c.h; path = invoke_func.h; sourceTree = SOURCE_ROOT; };
		F2A9EB941DC6507900147681 /* KripkeStructureView.swift */ = {isa = PBXFileReference; fileEncoding = 4; lastKnownFileType = sourcecode.swift; path = KripkeStructureView.swift; sourceTree = SOURCE_ROOT; };
		F2A9EB951DC6507900147681 /* LibraryCreator.swift */ = {isa = PBXFileReference; fileEncoding = 4; lastKnownFileType = sourcecode.swift; path = LibraryCreator.swift; sourceTree = SOURCE_ROOT; };
		F2A9EB961DC6507900147681 /* LibraryMachineLoader.swift */ = {isa = PBXFileReference; fileEncoding = 4; lastKnownFileType = sourcecode.swift; path = LibraryMachineLoader.swift; sourceTree = SOURCE_ROOT; };
		F2A9EB971DC6507900147681 /* LibraryResource.swift */ = {isa = PBXFileReference; fileEncoding = 4; lastKnownFileType = sourcecode.swift; path = LibraryResource.swift; sourceTree = SOURCE_ROOT; };
		F2A9EB981DC6507900147681 /* Machine.swift */ = {isa = PBXFileReference; fileEncoding = 4; lastKnownFileType = sourcecode.swift; path = Machine.swift; sourceTree = SOURCE_ROOT; };
		F2A9EB991DC6507900147681 /* MachineFactory.swift */ = {isa = PBXFileReference; fileEncoding = 4; lastKnownFileType = sourcecode.swift; path = MachineFactory.swift; sourceTree = SOURCE_ROOT; };
		F2A9EB9A1DC6507900147681 /* MachineLoader.swift */ = {isa = PBXFileReference; fileEncoding = 4; lastKnownFileType = sourcecode.swift; path = MachineLoader.swift; sourceTree = SOURCE_ROOT; };
		F2A9EB9B1DC6507900147681 /* MachineLoaderFactory.swift */ = {isa = PBXFileReference; fileEncoding = 4; lastKnownFileType = sourcecode.swift; path = MachineLoaderFactory.swift; sourceTree = SOURCE_ROOT; };
		F2A9EB9C1DC6507900147681 /* main.swift */ = {isa = PBXFileReference; fileEncoding = 4; lastKnownFileType = sourcecode.swift; path = main.swift; sourceTree = SOURCE_ROOT; };
		F2A9EB9D1DC6507900147681 /* NuSMVData.swift */ = {isa = PBXFileReference; fileEncoding = 4; lastKnownFileType = sourcecode.swift; path = NuSMVData.swift; sourceTree = SOURCE_ROOT; };
		F2A9EB9E1DC6507900147681 /* NuSMVKripkeStructureView.swift */ = {isa = PBXFileReference; fileEncoding = 4; lastKnownFileType = sourcecode.swift; path = NuSMVKripkeStructureView.swift; sourceTree = SOURCE_ROOT; };
		F2A9EB9F1DC6507900147681 /* Parser.swift */ = {isa = PBXFileReference; fileEncoding = 4; lastKnownFileType = sourcecode.swift; path = Parser.swift; sourceTree = SOURCE_ROOT; };
		F2A9EBA01DC6507900147681 /* Printer.swift */ = {isa = PBXFileReference; fileEncoding = 4; lastKnownFileType = sourcecode.swift; path = Printer.swift; sourceTree = SOURCE_ROOT; };
		F2A9EBA11DC6507900147681 /* PrinterFactory.swift */ = {isa = PBXFileReference; fileEncoding = 4; lastKnownFileType = sourcecode.swift; path = PrinterFactory.swift; sourceTree = SOURCE_ROOT; };
		F2A9EBA21DC6507900147681 /* RoundRobinScheduler.swift */ = {isa = PBXFileReference; fileEncoding = 4; lastKnownFileType = sourcecode.swift; path = RoundRobinScheduler.swift; sourceTree = SOURCE_ROOT; };
		F2A9EBA31DC6507900147681 /* RoundRobinSchedulerFactory.swift */ = {isa = PBXFileReference; fileEncoding = 4; lastKnownFileType = sourcecode.swift; path = RoundRobinSchedulerFactory.swift; sourceTree = SOURCE_ROOT; };
		F2A9EBA41DC6507900147681 /* Scheduler.swift */ = {isa = PBXFileReference; fileEncoding = 4; lastKnownFileType = sourcecode.swift; path = Scheduler.swift; sourceTree = SOURCE_ROOT; };
		F2A9EBA51DC6507900147681 /* SchedulerFactory.swift */ = {isa = PBXFileReference; fileEncoding = 4; lastKnownFileType = sourcecode.swift; path = SchedulerFactory.swift; sourceTree = SOURCE_ROOT; };
		F2A9EBA61DC6507900147681 /* SimpleMachineFactory.swift */ = {isa = PBXFileReference; fileEncoding = 4; lastKnownFileType = sourcecode.swift; path = SimpleMachineFactory.swift; sourceTree = SOURCE_ROOT; };
		F2A9EBA71DC6507900147681 /* StderrOutputStream.swift */ = {isa = PBXFileReference; fileEncoding = 4; lastKnownFileType = sourcecode.swift; path = StderrOutputStream.swift; sourceTree = SOURCE_ROOT; };
		F2A9EBA81DC6507900147681 /* StdoutOutputStream.swift */ = {isa = PBXFileReference; fileEncoding = 4; lastKnownFileType = sourcecode.swift; path = StdoutOutputStream.swift; sourceTree = SOURCE_ROOT; };
		F2A9EBA91DC6507900147681 /* swiftfsm-Bridging-Header.h */ = {isa = PBXFileReference; fileEncoding = 4; lastKnownFileType = sourcecode.c.h; path = "swiftfsm-Bridging-Header.h"; sourceTree = SOURCE_ROOT; };
		F2A9EBAA1DC6507900147681 /* Swiftfsm.swift */ = {isa = PBXFileReference; fileEncoding = 4; lastKnownFileType = sourcecode.swift; path = Swiftfsm.swift; sourceTree = SOURCE_ROOT; };
		F2A9EBAB1DC6507900147681 /* SwiftfsmErrors.swift */ = {isa = PBXFileReference; fileEncoding = 4; lastKnownFileType = sourcecode.swift; path = SwiftfsmErrors.swift; sourceTree = SOURCE_ROOT; };
		F2A9EBAC1DC6507900147681 /* SwiftfsmParser.swift */ = {isa = PBXFileReference; fileEncoding = 4; lastKnownFileType = sourcecode.swift; path = SwiftfsmParser.swift; sourceTree = SOURCE_ROOT; };
		F2A9EBAD1DC6507900147681 /* Task.swift */ = {isa = PBXFileReference; fileEncoding = 4; lastKnownFileType = sourcecode.swift; path = Task.swift; sourceTree = SOURCE_ROOT; };
		F2A9EBAE1DC6507900147681 /* timers.c */ = {isa = PBXFileReference; fileEncoding = 4; lastKnownFileType = sourcecode.c.c; path = timers.c; sourceTree = SOURCE_ROOT; };
		F2A9EBAF1DC6507900147681 /* timers.h */ = {isa = PBXFileReference; fileEncoding = 4; lastKnownFileType = sourcecode.c.h; path = timers.h; sourceTree = SOURCE_ROOT; };
		F2A9EBB01DC6507900147681 /* View.swift */ = {isa = PBXFileReference; fileEncoding = 4; lastKnownFileType = sourcecode.swift; path = View.swift; sourceTree = SOURCE_ROOT; };
		F2A9EBD71DC650A400147681 /* FSM.xcodeproj */ = {isa = PBXFileReference; lastKnownFileType = "wrapper.pb-project"; name = FSM.xcodeproj; path = ../FSM/FSM.xcodeproj; sourceTree = "<group>"; };
/* End PBXFileReference section */

/* Begin PBXFrameworksBuildPhase section */
		F2A9EB7C1DC64FE000147681 /* Frameworks */ = {
			isa = PBXFrameworksBuildPhase;
			buildActionMask = 2147483647;
			files = (
				F2A9EBE01DC650BD00147681 /* libFSM.dylib in Frameworks */,
			);
			runOnlyForDeploymentPostprocessing = 0;
		};
/* End PBXFrameworksBuildPhase section */

/* Begin PBXGroup section */
		F2A9EB761DC64FE000147681 = {
			isa = PBXGroup;
			children = (
				F2A9EB811DC64FE000147681 /* swiftfsm */,
				F2A9EB801DC64FE000147681 /* Products */,
				F2A9EBD61DC650A300147681 /* Frameworks */,
			);
			sourceTree = "<group>";
		};
		F2A9EB801DC64FE000147681 /* Products */ = {
			isa = PBXGroup;
			children = (
				F2A9EB7F1DC64FE000147681 /* swiftfsm */,
			);
			name = Products;
			sourceTree = "<group>";
		};
		F2A9EB811DC64FE000147681 /* swiftfsm */ = {
			isa = PBXGroup;
			children = (
				F2A9EB891DC6507900147681 /* CLFSMMachineLoader.swift */,
				F2A9EB8A1DC6507900147681 /* CommandLinePrinter.swift */,
				F2A9EB8B1DC6507900147681 /* DynamicLibraryCreator.swift */,
				F2A9EB8C1DC6507900147681 /* DynamicLibraryMachineLoaderFactory.swift */,
				F2A9EB8D1DC6507900147681 /* DynamicLibraryResource.swift */,
				F2A9EB8E1DC6507900147681 /* FileOutputStream.swift */,
				F2A9EB8F1DC6507900147681 /* FilePrinterFactory.swift */,
				F2A9EB901DC6507900147681 /* GenericPrinter.swift */,
				F2A9EB911DC6507900147681 /* HelpableParser.swift */,
				F2A9EB921DC6507900147681 /* invoke_func.c */,
				F2A9EB931DC6507900147681 /* invoke_func.h */,
				F2A9EB941DC6507900147681 /* KripkeStructureView.swift */,
				F2A9EB951DC6507900147681 /* LibraryCreator.swift */,
				F2A9EB961DC6507900147681 /* LibraryMachineLoader.swift */,
				F2A9EB971DC6507900147681 /* LibraryResource.swift */,
				F2A9EB981DC6507900147681 /* Machine.swift */,
				F2A9EB991DC6507900147681 /* MachineFactory.swift */,
				F2A9EB9A1DC6507900147681 /* MachineLoader.swift */,
				F2A9EB9B1DC6507900147681 /* MachineLoaderFactory.swift */,
				F2A9EB9C1DC6507900147681 /* main.swift */,
				F2A9EB9D1DC6507900147681 /* NuSMVData.swift */,
				F2A9EB9E1DC6507900147681 /* NuSMVKripkeStructureView.swift */,
				F2A9EB9F1DC6507900147681 /* Parser.swift */,
				F2A9EBA01DC6507900147681 /* Printer.swift */,
				F2A9EBA11DC6507900147681 /* PrinterFactory.swift */,
				F2A9EBA21DC6507900147681 /* RoundRobinScheduler.swift */,
				F2A9EBA31DC6507900147681 /* RoundRobinSchedulerFactory.swift */,
				F2A9EBA41DC6507900147681 /* Scheduler.swift */,
				F2A9EBA51DC6507900147681 /* SchedulerFactory.swift */,
				F2A9EBA61DC6507900147681 /* SimpleMachineFactory.swift */,
				F2A9EBA71DC6507900147681 /* StderrOutputStream.swift */,
				F2A9EBA81DC6507900147681 /* StdoutOutputStream.swift */,
				F2A9EBA91DC6507900147681 /* swiftfsm-Bridging-Header.h */,
				F2A9EBAA1DC6507900147681 /* Swiftfsm.swift */,
				F2A9EBAB1DC6507900147681 /* SwiftfsmErrors.swift */,
				F2A9EBAC1DC6507900147681 /* SwiftfsmParser.swift */,
				F2A9EBAD1DC6507900147681 /* Task.swift */,
				F2A9EBAE1DC6507900147681 /* timers.c */,
				F2A9EBAF1DC6507900147681 /* timers.h */,
				F2A9EBB01DC6507900147681 /* View.swift */,
			);
			path = swiftfsm;
			sourceTree = "<group>";
		};
		F2A9EBD61DC650A300147681 /* Frameworks */ = {
			isa = PBXGroup;
			children = (
				F2A9EBD71DC650A400147681 /* FSM.xcodeproj */,
			);
			name = Frameworks;
			sourceTree = "<group>";
		};
		F2A9EBD81DC650A400147681 /* Products */ = {
			isa = PBXGroup;
			children = (
				F2A9EBDD1DC650A400147681 /* libFSM.dylib */,
				F2A9EBDF1DC650A400147681 /* FSMTests.xctest */,
			);
			name = Products;
			sourceTree = "<group>";
		};
/* End PBXGroup section */

/* Begin PBXNativeTarget section */
		F2A9EB7E1DC64FE000147681 /* swiftfsm */ = {
			isa = PBXNativeTarget;
			buildConfigurationList = F2A9EB861DC64FE000147681 /* Build configuration list for PBXNativeTarget "swiftfsm" */;
			buildPhases = (
				F2A9EB7B1DC64FE000147681 /* Sources */,
				F2A9EB7C1DC64FE000147681 /* Frameworks */,
				F2A9EB7D1DC64FE000147681 /* CopyFiles */,
			);
			buildRules = (
			);
			dependencies = (
			);
			name = swiftfsm;
			productName = swiftfsm;
			productReference = F2A9EB7F1DC64FE000147681 /* swiftfsm */;
			productType = "com.apple.product-type.tool";
		};
/* End PBXNativeTarget section */

/* Begin PBXProject section */
		F2A9EB771DC64FE000147681 /* Project object */ = {
			isa = PBXProject;
			attributes = {
				LastSwiftUpdateCheck = 0800;
				LastUpgradeCheck = 0800;
				ORGANIZATIONNAME = MiPal;
				TargetAttributes = {
					F2A9EB7E1DC64FE000147681 = {
						CreatedOnToolsVersion = 8.0;
						LastSwiftMigration = 0800;
						ProvisioningStyle = Automatic;
					};
				};
			};
			buildConfigurationList = F2A9EB7A1DC64FE000147681 /* Build configuration list for PBXProject "swiftfsm" */;
			compatibilityVersion = "Xcode 3.2";
			developmentRegion = English;
			hasScannedForEncodings = 0;
			knownRegions = (
				en,
			);
			mainGroup = F2A9EB761DC64FE000147681;
			productRefGroup = F2A9EB801DC64FE000147681 /* Products */;
			projectDirPath = "";
			projectReferences = (
				{
					ProductGroup = F2A9EBD81DC650A400147681 /* Products */;
					ProjectRef = F2A9EBD71DC650A400147681 /* FSM.xcodeproj */;
				},
			);
			projectRoot = "";
			targets = (
				F2A9EB7E1DC64FE000147681 /* swiftfsm */,
			);
		};
/* End PBXProject section */

/* Begin PBXReferenceProxy section */
		F2A9EBDD1DC650A400147681 /* libFSM.dylib */ = {
			isa = PBXReferenceProxy;
			fileType = "compiled.mach-o.dylib";
			path = libFSM.dylib;
			remoteRef = F2A9EBDC1DC650A400147681 /* PBXContainerItemProxy */;
			sourceTree = BUILT_PRODUCTS_DIR;
		};
		F2A9EBDF1DC650A400147681 /* FSMTests.xctest */ = {
			isa = PBXReferenceProxy;
			fileType = wrapper.cfbundle;
			path = FSMTests.xctest;
			remoteRef = F2A9EBDE1DC650A400147681 /* PBXContainerItemProxy */;
			sourceTree = BUILT_PRODUCTS_DIR;
		};
/* End PBXReferenceProxy section */

/* Begin PBXSourcesBuildPhase section */
		F2A9EB7B1DC64FE000147681 /* Sources */ = {
			isa = PBXSourcesBuildPhase;
			buildActionMask = 2147483647;
			files = (
				F2A9EBCF1DC6507900147681 /* StdoutOutputStream.swift in Sources */,
				F2A9EBD41DC6507900147681 /* timers.c in Sources */,
				F2A9EBB81DC6507900147681 /* GenericPrinter.swift in Sources */,
				F2A9EBB21DC6507900147681 /* CommandLinePrinter.swift in Sources */,
				F2A9EBBF1DC6507900147681 /* Machine.swift in Sources */,
				F2A9EBC81DC6507900147681 /* PrinterFactory.swift in Sources */,
				F2A9EBCE1DC6507900147681 /* StderrOutputStream.swift in Sources */,
				F2A9EBBB1DC6507900147681 /* KripkeStructureView.swift in Sources */,
				F2A9EBB41DC6507900147681 /* DynamicLibraryMachineLoaderFactory.swift in Sources */,
				F2A9EBD51DC6507900147681 /* View.swift in Sources */,
				F2A9EBBD1DC6507900147681 /* LibraryMachineLoader.swift in Sources */,
				F2A9EBB61DC6507900147681 /* FileOutputStream.swift in Sources */,
				F2A9EBB71DC6507900147681 /* FilePrinterFactory.swift in Sources */,
				F2A9EBB31DC6507900147681 /* DynamicLibraryCreator.swift in Sources */,
				F2A9EBD31DC6507900147681 /* Task.swift in Sources */,
				F2A9EBB11DC6507900147681 /* CLFSMMachineLoader.swift in Sources */,
				F2A9EBD21DC6507900147681 /* SwiftfsmParser.swift in Sources */,
				F2A9EBBE1DC6507900147681 /* LibraryResource.swift in Sources */,
				F2A9EBBC1DC6507900147681 /* LibraryCreator.swift in Sources */,
				F2A9EBC71DC6507900147681 /* Printer.swift in Sources */,
				F2A9EBC61DC6507900147681 /* Parser.swift in Sources */,
				F2A9EBC01DC6507900147681 /* MachineFactory.swift in Sources */,
				F2A9EBCA1DC6507900147681 /* RoundRobinSchedulerFactory.swift in Sources */,
				F2A9EBC41DC6507900147681 /* NuSMVData.swift in Sources */,
				F2A9EBCB1DC6507900147681 /* Scheduler.swift in Sources */,
				F2A9EBBA1DC6507900147681 /* invoke_func.c in Sources */,
				F2A9EBC51DC6507900147681 /* NuSMVKripkeStructureView.swift in Sources */,
				F2A9EBB51DC6507900147681 /* DynamicLibraryResource.swift in Sources */,
				F2A9EBC31DC6507900147681 /* main.swift in Sources */,
				F2A9EBC21DC6507900147681 /* MachineLoaderFactory.swift in Sources */,
				F2A9EBCC1DC6507900147681 /* SchedulerFactory.swift in Sources */,
				F2A9EBC91DC6507900147681 /* RoundRobinScheduler.swift in Sources */,
				F2A9EBD01DC6507900147681 /* Swiftfsm.swift in Sources */,
				F2A9EBCD1DC6507900147681 /* SimpleMachineFactory.swift in Sources */,
				F2A9EBD11DC6507900147681 /* SwiftfsmErrors.swift in Sources */,
				F2A9EBB91DC6507900147681 /* HelpableParser.swift in Sources */,
				F2A9EBC11DC6507900147681 /* MachineLoader.swift in Sources */,
			);
			runOnlyForDeploymentPostprocessing = 0;
		};
/* End PBXSourcesBuildPhase section */

/* Begin XCBuildConfiguration section */
		F2A9EB841DC64FE000147681 /* Debug */ = {
			isa = XCBuildConfiguration;
			buildSettings = {
				ALWAYS_SEARCH_USER_PATHS = NO;
				CLANG_ANALYZER_NONNULL = YES;
				CLANG_CXX_LANGUAGE_STANDARD = "gnu++0x";
				CLANG_CXX_LIBRARY = "libc++";
				CLANG_ENABLE_MODULES = YES;
				CLANG_ENABLE_OBJC_ARC = YES;
				CLANG_WARN_BOOL_CONVERSION = YES;
				CLANG_WARN_CONSTANT_CONVERSION = YES;
				CLANG_WARN_DIRECT_OBJC_ISA_USAGE = YES_ERROR;
				CLANG_WARN_DOCUMENTATION_COMMENTS = YES;
				CLANG_WARN_EMPTY_BODY = YES;
				CLANG_WARN_ENUM_CONVERSION = YES;
				CLANG_WARN_INFINITE_RECURSION = YES;
				CLANG_WARN_INT_CONVERSION = YES;
				CLANG_WARN_OBJC_ROOT_CLASS = YES_ERROR;
				CLANG_WARN_SUSPICIOUS_MOVES = YES;
				CLANG_WARN_UNREACHABLE_CODE = YES;
				CLANG_WARN__DUPLICATE_METHOD_MATCH = YES;
				CODE_SIGN_IDENTITY = "-";
				COPY_PHASE_STRIP = NO;
				DEBUG_INFORMATION_FORMAT = dwarf;
				ENABLE_STRICT_OBJC_MSGSEND = YES;
				ENABLE_TESTABILITY = YES;
				GCC_C_LANGUAGE_STANDARD = gnu99;
				GCC_DYNAMIC_NO_PIC = NO;
				GCC_NO_COMMON_BLOCKS = YES;
				GCC_OPTIMIZATION_LEVEL = 0;
				GCC_PREPROCESSOR_DEFINITIONS = (
					"DEBUG=1",
					"$(inherited)",
				);
				GCC_WARN_64_TO_32_BIT_CONVERSION = YES;
				GCC_WARN_ABOUT_RETURN_TYPE = YES_ERROR;
				GCC_WARN_UNDECLARED_SELECTOR = YES;
				GCC_WARN_UNINITIALIZED_AUTOS = YES_AGGRESSIVE;
				GCC_WARN_UNUSED_FUNCTION = YES;
				GCC_WARN_UNUSED_VARIABLE = YES;
				MACOSX_DEPLOYMENT_TARGET = 10.12;
				MTL_ENABLE_DEBUG_INFO = YES;
				ONLY_ACTIVE_ARCH = YES;
				SDKROOT = macosx;
				SWIFT_OPTIMIZATION_LEVEL = "-Onone";
			};
			name = Debug;
		};
		F2A9EB851DC64FE000147681 /* Release */ = {
			isa = XCBuildConfiguration;
			buildSettings = {
				ALWAYS_SEARCH_USER_PATHS = NO;
				CLANG_ANALYZER_NONNULL = YES;
				CLANG_CXX_LANGUAGE_STANDARD = "gnu++0x";
				CLANG_CXX_LIBRARY = "libc++";
				CLANG_ENABLE_MODULES = YES;
				CLANG_ENABLE_OBJC_ARC = YES;
				CLANG_WARN_BOOL_CONVERSION = YES;
				CLANG_WARN_CONSTANT_CONVERSION = YES;
				CLANG_WARN_DIRECT_OBJC_ISA_USAGE = YES_ERROR;
				CLANG_WARN_DOCUMENTATION_COMMENTS = YES;
				CLANG_WARN_EMPTY_BODY = YES;
				CLANG_WARN_ENUM_CONVERSION = YES;
				CLANG_WARN_INFINITE_RECURSION = YES;
				CLANG_WARN_INT_CONVERSION = YES;
				CLANG_WARN_OBJC_ROOT_CLASS = YES_ERROR;
				CLANG_WARN_SUSPICIOUS_MOVES = YES;
				CLANG_WARN_UNREACHABLE_CODE = YES;
				CLANG_WARN__DUPLICATE_METHOD_MATCH = YES;
				CODE_SIGN_IDENTITY = "-";
				COPY_PHASE_STRIP = NO;
				DEBUG_INFORMATION_FORMAT = "dwarf-with-dsym";
				ENABLE_NS_ASSERTIONS = NO;
				ENABLE_STRICT_OBJC_MSGSEND = YES;
				GCC_C_LANGUAGE_STANDARD = gnu99;
				GCC_NO_COMMON_BLOCKS = YES;
				GCC_WARN_64_TO_32_BIT_CONVERSION = YES;
				GCC_WARN_ABOUT_RETURN_TYPE = YES_ERROR;
				GCC_WARN_UNDECLARED_SELECTOR = YES;
				GCC_WARN_UNINITIALIZED_AUTOS = YES_AGGRESSIVE;
				GCC_WARN_UNUSED_FUNCTION = YES;
				GCC_WARN_UNUSED_VARIABLE = YES;
				MACOSX_DEPLOYMENT_TARGET = 10.12;
				MTL_ENABLE_DEBUG_INFO = NO;
				SDKROOT = macosx;
			};
			name = Release;
		};
		F2A9EB871DC64FE000147681 /* Debug */ = {
			isa = XCBuildConfiguration;
			buildSettings = {
				CLANG_ENABLE_MODULES = YES;
				LD_RUNPATH_SEARCH_PATHS = "$(inherited) @executable_path/../Frameworks @loader_path/../Frameworks";
				PRODUCT_NAME = "$(TARGET_NAME)";
				SWIFT_OBJC_BRIDGING_HEADER = "swiftfsm-Bridging-Header.h";
				SWIFT_OPTIMIZATION_LEVEL = "-Onone";
				SWIFT_VERSION = 3.0;
			};
			name = Debug;
		};
		F2A9EB881DC64FE000147681 /* Release */ = {
			isa = XCBuildConfiguration;
			buildSettings = {
				CLANG_ENABLE_MODULES = YES;
				LD_RUNPATH_SEARCH_PATHS = "$(inherited) @executable_path/../Frameworks @loader_path/../Frameworks";
				PRODUCT_NAME = "$(TARGET_NAME)";
				SWIFT_OBJC_BRIDGING_HEADER = "swiftfsm-Bridging-Header.h";
				SWIFT_VERSION = 3.0;
			};
			name = Release;
		};
/* End XCBuildConfiguration section */

/* Begin XCConfigurationList section */
		F2A9EB7A1DC64FE000147681 /* Build configuration list for PBXProject "swiftfsm" */ = {
			isa = XCConfigurationList;
			buildConfigurations = (
				F2A9EB841DC64FE000147681 /* Debug */,
				F2A9EB851DC64FE000147681 /* Release */,
			);
			defaultConfigurationIsVisible = 0;
			defaultConfigurationName = Release;
		};
		F2A9EB861DC64FE000147681 /* Build configuration list for PBXNativeTarget "swiftfsm" */ = {
			isa = XCConfigurationList;
			buildConfigurations = (
				F2A9EB871DC64FE000147681 /* Debug */,
				F2A9EB881DC64FE000147681 /* Release */,
			);
			defaultConfigurationIsVisible = 0;
			defaultConfigurationName = Release;
		};
/* End XCConfigurationList section */
	};
	rootObject = F2A9EB771DC64FE000147681 /* Project object */;
}
